
Microsoft Visual Studio Solution File, Format Version 12.00
# Visual Studio Version 17
VisualStudioVersion = 17.8.34330.188
MinimumVisualStudioVersion = 10.0.40219.1
Project("{FAE04EC0-301F-11D3-BF4B-00C04F79EFBC}") = "GetObjectOnCanvas", "GetObjectOnCanvas.csproj", "{B53E45AD-2CD5-45B4-AE79-F709A28500CD}"
EndProject
Global
	GlobalSection(SolutionConfigurationPlatforms) = preSolution
		Debug|Any CPU = Debug|Any CPU
		Release|Any CPU = Release|Any CPU
	EndGlobalSection
	GlobalSection(ProjectConfigurationPlatforms) = postSolution
		{B53E45AD-2CD5-45B4-AE79-F709A28500CD}.Debug|Any CPU.ActiveCfg = Debug|Any CPU
		{B53E45AD-2CD5-45B4-AE79-F709A28500CD}.Debug|Any CPU.Build.0 = Debug|Any CPU
		{B53E45AD-2CD5-45B4-AE79-F709A28500CD}.Release|Any CPU.ActiveCfg = Release|Any CPU
		{B53E45AD-2CD5-45B4-AE79-F709A28500CD}.Release|Any CPU.Build.0 = Release|Any CPU
	EndGlobalSection
	GlobalSection(SolutionProperties) = preSolution
		HideSolutionNode = FALSE
	EndGlobalSection
	GlobalSection(ExtensibilityGlobals) = postSolution
		SolutionGuid = {5ABA2F19-05A9-41DF-8549-D715683BED66}
	EndGlobalSection
EndGlobal
